{
  "lockfile_version": "1",
  "packages": {
    "ripgrep@latest": {
      "last_modified": "2025-03-11T17:52:14Z",
      "resolved": "github:NixOS/nixpkgs/0d534853a55b5d02a4ababa1d71921ce8f0aee4c#ripgrep",
      "source": "devbox-search",
      "version": "14.1.1",
      "systems": {
        "aarch64-darwin": {
          "outputs": [
            {
              "name": "out",
              "path": "/nix/store/8jp8ck4gl2gcnl84bm9kjl4fakpdkk7z-ripgrep-14.1.1",
              "default": true
            }
          ],
          "store_path": "/nix/store/8jp8ck4gl2gcnl84bm9kjl4fakpdkk7z-ripgrep-14.1.1"
        },
        "aarch64-linux": {
          "outputs": [
            {
              "name": "out",
              "path": "/nix/store/w01qdshvhg0mhwfdlfb43w8qbi13x4rd-ripgrep-14.1.1",
              "default": true
            }
          ],
          "store_path": "/nix/store/w01qdshvhg0mhwfdlfb43w8qbi13x4rd-ripgrep-14.1.1"
        },
        "x86_64-darwin": {
          "outputs": [
            {
              "name": "out",
              "path": "/nix/store/38dfkpikydr5yai23ns7j1c07k42ddkf-ripgrep-14.1.1",
              "default": true
            }
          ],
          "store_path": "/nix/store/38dfkpikydr5yai23ns7j1c07k42ddkf-ripgrep-14.1.1"
        },
        "x86_64-linux": {
          "outputs": [
            {
              "name": "out",
              "path": "/nix/store/3mlj8k3yn1nmc6qa0snnqmjxqvfd467n-ripgrep-14.1.1",
              "default": true
            }
          ],
          "store_path": "/nix/store/3mlj8k3yn1nmc6qa0snnqmjxqvfd467n-ripgrep-14.1.1"
        }
      }
    },
    "rustc@latest": {
      "last_modified": "2025-03-11T17:52:14Z",
      "plugin_version": "0.0.1",
      "resolved": "github:NixOS/nixpkgs/0d534853a55b5d02a4ababa1d71921ce8f0aee4c#rustc",
      "source": "devbox-search",
      "version": "1.85.0",
      "systems": {
        "aarch64-darwin": {
          "outputs": [
            {
              "name": "out",
              "path": "/nix/store/7i8bgpvbvnm1lkfj88mn5nspaab57d18-rustc-wrapper-1.85.0",
              "default": true
            },
            {
              "name": "man",
              "path": "/nix/store/q9d9kcvmqv981qrjw5glc46xbv46wwci-rustc-wrapper-1.85.0-man",
              "default": true
            },
            {
              "name": "doc",
              "path": "/nix/store/j4799ky1dr3c9hr6nh224nrqfzdh5plr-rustc-wrapper-1.85.0-doc"
            }
          ],
          "store_path": "/nix/store/7i8bgpvbvnm1lkfj88mn5nspaab57d18-rustc-wrapper-1.85.0"
        },
        "aarch64-linux": {
          "outputs": [
            {
              "name": "out",
              "path": "/nix/store/2sih2zzvy8y571bm55mqharsaxszinqk-rustc-wrapper-1.85.0",
              "default": true
            },
            {
              "name": "man",
              "path": "/nix/store/x4raypgmlxj0ww4yk3fz6cj6dkc77xr8-rustc-wrapper-1.85.0-man",
              "default": true
            },
            {
              "name": "doc",
              "path": "/nix/store/ndp5csiv6f9vs3my1dhhr1c0hvjaz4gm-rustc-wrapper-1.85.0-doc"
            }
          ],
          "store_path": "/nix/store/2sih2zzvy8y571bm55mqharsaxszinqk-rustc-wrapper-1.85.0"
        },
        "x86_64-darwin": {
          "outputs": [
            {
              "name": "out",
              "path": "/nix/store/9icz334jg9rabdf5bz5r0a1jivy5b1iv-rustc-wrapper-1.85.0",
              "default": true
            },
            {
              "name": "man",
              "path": "/nix/store/f1af5kqgmxgmjmxnmznx85cd30937238-rustc-wrapper-1.85.0-man",
              "default": true
            },
            {
              "name": "doc",
              "path": "/nix/store/9ax4grx2zrj6zymava9xj41pzsbwk1a6-rustc-wrapper-1.85.0-doc"
            }
          ],
          "store_path": "/nix/store/9icz334jg9rabdf5bz5r0a1jivy5b1iv-rustc-wrapper-1.85.0"
        },
        "x86_64-linux": {
          "outputs": [
            {
              "name": "out",
              "path": "/nix/store/fsyj2gv51gcwcs8gx44xix044hb716a5-rustc-wrapper-1.85.0",
              "default": true
            },
            {
              "name": "man",
              "path": "/nix/store/kd7b9z311n98kfwwpnxf4a8sxi1w4c0v-rustc-wrapper-1.85.0-man",
              "default": true
            },
            {
              "name": "doc",
              "path": "/nix/store/jn16p9wa4nh57khyrrm5jq9wj7xfmnm7-rustc-wrapper-1.85.0-doc"
            }
          ],
          "store_path": "/nix/store/fsyj2gv51gcwcs8gx44xix044hb716a5-rustc-wrapper-1.85.0"
        }
      }
    },
    "watchexec@latest": {
      "last_modified": "2025-03-11T17:52:14Z",
      "resolved": "github:NixOS/nixpkgs/0d534853a55b5d02a4ababa1d71921ce8f0aee4c#watchexec",
      "source": "devbox-search",
      "version": "2.3.0",
      "systems": {
        "aarch64-darwin": {
          "outputs": [
            {
              "name": "out",
              "path": "/nix/store/1061za90qiyq376bysbvhnvhh2ika19z-watchexec-2.3.0",
              "default": true
            }
          ],
          "store_path": "/nix/store/1061za90qiyq376bysbvhnvhh2ika19z-watchexec-2.3.0"
        },
        "aarch64-linux": {
          "outputs": [
            {
              "name": "out",
              "path": "/nix/store/gmm29sq4fv1d7vvxlqzc2n615rl18zz2-watchexec-2.3.0",
              "default": true
            }
          ],
          "store_path": "/nix/store/gmm29sq4fv1d7vvxlqzc2n615rl18zz2-watchexec-2.3.0"
        },
        "x86_64-darwin": {
          "outputs": [
            {
              "name": "out",
              "path": "/nix/store/mmzfhwfbj4xb92nc0jqdwxbmfq0wp5s2-watchexec-2.3.0",
              "default": true
            }
          ],
          "store_path": "/nix/store/mmzfhwfbj4xb92nc0jqdwxbmfq0wp5s2-watchexec-2.3.0"
        },
        "x86_64-linux": {
          "outputs": [
            {
              "name": "out",
              "path": "/nix/store/9ywipy495ccnmr8843nralcsjycf7hxf-watchexec-2.3.0",
              "default": true
            }
          ],
          "store_path": "/nix/store/9ywipy495ccnmr8843nralcsjycf7hxf-watchexec-2.3.0"
        }
      }
    }
  }
}
