{
  "lockfile_version": "1",
  "packages": {
    "ripgrep@latest": {
      "last_modified": "2025-03-11T17:52:14Z",
      "resolved": "github:NixOS/nixpkgs/0d534853a55b5d02a4ababa1d71921ce8f0aee4c#ripgrep",
      "source": "devbox-search",
      "version": "14.1.1",
      "systems": {
        "aarch64-darwin": {
          "outputs": [
            {
              "name": "out",
              "path": "/nix/store/8jp8ck4gl2gcnl84bm9kjl4fakpdkk7z-ripgrep-14.1.1",
              "default": true
            }
          ],
          "store_path": "/nix/store/8jp8ck4gl2gcnl84bm9kjl4fakpdkk7z-ripgrep-14.1.1"
        },
        "aarch64-linux": {
          "outputs": [
            {
              "name": "out",
              "path": "/nix/store/w01qdshvhg0mhwfdlfb43w8qbi13x4rd-ripgrep-14.1.1",
              "default": true
            }
          ],
          "store_path": "/nix/store/w01qdshvhg0mhwfdlfb43w8qbi13x4rd-ripgrep-14.1.1"
        },
        "x86_64-darwin": {
          "outputs": [
            {
              "name": "out",
              "path": "/nix/store/38dfkpikydr5yai23ns7j1c07k42ddkf-ripgrep-14.1.1",
              "default": true
            }
          ],
          "store_path": "/nix/store/38dfkpikydr5yai23ns7j1c07k42ddkf-ripgrep-14.1.1"
        },
        "x86_64-linux": {
          "outputs": [
            {
              "name": "out",
              "path": "/nix/store/3mlj8k3yn1nmc6qa0snnqmjxqvfd467n-ripgrep-14.1.1",
              "default": true
            }
          ],
          "store_path": "/nix/store/3mlj8k3yn1nmc6qa0snnqmjxqvfd467n-ripgrep-14.1.1"
        }
      }
    },
    "rustup@latest": {
      "last_modified": "2025-03-11T17:52:14Z",
      "plugin_version": "0.0.1",
      "resolved": "github:NixOS/nixpkgs/0d534853a55b5d02a4ababa1d71921ce8f0aee4c#rustup",
      "source": "devbox-search",
      "version": "1.27.1",
      "systems": {
        "aarch64-darwin": {
          "outputs": [
            {
              "name": "out",
              "path": "/nix/store/wrfks4kh42ic42862jpnq382aq153l71-rustup-1.27.1",
              "default": true
            }
          ],
          "store_path": "/nix/store/wrfks4kh42ic42862jpnq382aq153l71-rustup-1.27.1"
        },
        "aarch64-linux": {
          "outputs": [
            {
              "name": "out",
              "path": "/nix/store/cd8hjr11047c1ygmi3vaj01k5laknch5-rustup-1.27.1",
              "default": true
            }
          ],
          "store_path": "/nix/store/cd8hjr11047c1ygmi3vaj01k5laknch5-rustup-1.27.1"
        },
        "x86_64-darwin": {
          "outputs": [
            {
              "name": "out",
              "path": "/nix/store/ijgkcd0v479fhb47p5bbrv8d5n34bvb4-rustup-1.27.1",
              "default": true
            }
          ],
          "store_path": "/nix/store/ijgkcd0v479fhb47p5bbrv8d5n34bvb4-rustup-1.27.1"
        },
        "x86_64-linux": {
          "outputs": [
            {
              "name": "out",
              "path": "/nix/store/dl3rjwl31d31qkga5i7nnygvbcyxpfn3-rustup-1.27.1",
              "default": true
            }
          ],
          "store_path": "/nix/store/dl3rjwl31d31qkga5i7nnygvbcyxpfn3-rustup-1.27.1"
        }
      }
    }
  }
}
